
Microsoft Visual Studio Solution File, Format Version 12.00
# Visual Studio Version 16
VisualStudioVersion = 16.0.29613.14
MinimumVisualStudioVersion = 10.0.40219.1
Project("{FAE04EC0-301F-11D3-BF4B-00C04F79EFBC}") = "Desktop Sticker", "Desktop Sticker.csproj", "{9EAEF16E-674B-4B6D-91FC-9328325083FB}"
EndProject
Global
	GlobalSection(SolutionConfigurationPlatforms) = preSolution
		Debug|Any CPU = Debug|Any CPU
		Release|Any CPU = Release|Any CPU
	EndGlobalSection
	GlobalSection(ProjectConfigurationPlatforms) = postSolution
		{9EAEF16E-674B-4B6D-91FC-9328325083FB}.Debug|Any CPU.ActiveCfg = Debug|Any CPU
		{9EAEF16E-674B-4B6D-91FC-9328325083FB}.Debug|Any CPU.Build.0 = Debug|Any CPU
		{9EAEF16E-674B-4B6D-91FC-9328325083FB}.Release|Any CPU.ActiveCfg = Release|Any CPU
		{9EAEF16E-674B-4B6D-91FC-9328325083FB}.Release|Any CPU.Build.0 = Release|Any CPU
	EndGlobalSection
	GlobalSection(SolutionProperties) = preSolution
		HideSolutionNode = FALSE
	EndGlobalSection
	GlobalSection(ExtensibilityGlobals) = postSolution
		SolutionGuid = {77F78804-A22C-4E52-A8A4-D5DC2C7C9512}
	EndGlobalSection
EndGlobal
